# THIS IS AN AUTOGENERATED FILE. DO NOT EDIT THIS FILE DIRECTLY.
# yarn lockfile v1


"@types/chrome@^0.0.267":
  version "0.0.267"
  resolved "https://registry.yarnpkg.com/@types/chrome/-/chrome-0.0.267.tgz#eefb7d2085993437d8109eb495431dfc0e3dbda1"
  integrity sha512-vnCWPpYjazSPRMNmybRH+0q4f738F+Pbbls4ZPFsPr9/4TTNJyK1OLZDpSnghnEWb4stfmIUtq/GegnlfD4sPA==
  dependencies:
    "@types/filesystem" "*"
    "@types/har-format" "*"

"@types/filesystem@*":
  version "0.0.36"
  resolved "https://registry.yarnpkg.com/@types/filesystem/-/filesystem-0.0.36.tgz#7227c2d76bfed1b21819db310816c7821d303857"
  integrity sha512-vPDXOZuannb9FZdxgHnqSwAG/jvdGM8Wq+6N4D/d80z+D4HWH+bItqsZaVRQykAn6WEVeEkLm2oQigyHtgb0RA==
  dependencies:
    "@types/filewriter" "*"

"@types/filewriter@*":
  version "0.0.33"
  resolved "https://registry.yarnpkg.com/@types/filewriter/-/filewriter-0.0.33.tgz#d9d611db9d9cd99ae4e458de420eeb64ad604ea8"
  integrity sha512-xFU8ZXTw4gd358lb2jw25nxY9QAgqn2+bKKjKOYfNCzN4DKCFetK7sPtrlpg66Ywe3vWY9FNxprZawAh9wfJ3g==

"@types/har-format@*":
  version "1.2.15"
  resolved "https://registry.yarnpkg.com/@types/har-format/-/har-format-1.2.15.tgz#f352493638c2f89d706438a19a9eb300b493b506"
  integrity sha512-RpQH4rXLuvTXKR0zqHq3go0RVXYv/YVqv4TnPH95VbwUxZdQlK1EtcMvQvMpDngHbt13Csh9Z4qT9AbkiQH5BA==

prettier@^3.2.5:
  version "3.2.5"
  resolved "https://registry.yarnpkg.com/prettier/-/prettier-3.2.5.tgz#e52bc3090586e824964a8813b09aba6233b28368"
  integrity sha512-3/GWa9aOC0YeD7LUfvOG2NiDyhOWRvt1k+rcKhOuYnMY24iiCphgneUfJDyFXd6rZCAnuLBv6UeAULtrhT/F4A==
